# This file is autogenerated, do not edit; changes may be undone by the next 'dep ensure'.


[[projects]]
  name = "cirello.io/supervisor"
  packages = ["."]
  revision = "3ae4051c50e006498b4b8aee130185a53caab86e"
  version = "v0.5.3"

[[projects]]
  branch = "master"
  name = "github.com/Pallinder/go-randomdata"
  packages = ["."]
  revision = "442d37d9dbc782dbd737af9ec575d8858b79261b"

[[projects]]
  branch = "master"
  name = "github.com/anacrolix/dht"
  packages = ["krpc"]
  revision = "4095758d71c71174c5452ba40812f4d82e248f2b"

[[projects]]
  branch = "master"
  name = "github.com/anacrolix/missinggo"
  packages = [".","assert","inproc","pproffd","slices"]
  revision = "87aae9c529891d465611bc99b63e1e673a73f1ae"

[[projects]]
  branch = "master"
  name = "github.com/anacrolix/sync"
  packages = ["."]
  revision = "eee974e4f8c1e1f38d16e32713dd408d6b02ca55"

[[projects]]
  branch = "master"
  name = "github.com/anacrolix/torrent"
  packages = ["bencode","iplist","logonce","metainfo","util"]
  revision = "696595a76ea0a4796a74a89d79ceb91f1b17b642"

[[projects]]
  branch = "master"
  name = "github.com/anacrolix/utp"
  packages = ["."]
  revision = "87ba7933b8d7520e5e6e27460e25e42c2fccab9f"

[[projects]]
  branch = "master"
  name = "github.com/aybabtme/color"
  packages = [".","brush"]
  revision = "28ad4cc941d69a60df8d0af1233fd5a2793c2801"

[[projects]]
  branch = "master"
  name = "github.com/bradfitz/iter"
  packages = ["."]
  revision = "454541ec3da2a73fc34fd049b19ee5777bf19345"

[[projects]]
  branch = "master"
  name = "github.com/c2h5oh/datasize"
  packages = ["."]
  revision = "4eba002a5eaea69cf8d235a388fc6b65ae68d2dd"

[[projects]]
  name = "github.com/ccding/go-stun"
  packages = ["stun"]
  revision = "04a4eed61c57ecc9903f8983d1d2c17b88d2e9e1"
  version = "0.1.0"

[[projects]]
  name = "github.com/cenkalti/backoff"
  packages = ["."]
  revision = "61153c768f31ee5f130071d08fc82b85208528de"
  version = "v1.1.0"

[[projects]]
  name = "github.com/davecgh/go-spew"
  packages = ["spew"]
  revision = "346938d642f2ec3594ed81d874461961cd0faa76"
  version = "v1.1.0"

[[projects]]
  branch = "master"
  name = "github.com/edsrzf/mmap-go"
  packages = ["."]
  revision = "0bce6a6887123b67a60366d2c9fe2dfb74289d2e"

[[projects]]
  name = "github.com/fsnotify/fsnotify"
  packages = ["."]
  revision = "c2828203cd70a50dcccfb2761f8b1f8ceef9a8e9"
  version = "v1.4.7"

[[projects]]
  branch = "master"
  name = "github.com/getlantern/testify"
  packages = ["assert"]
  revision = "2eeb3906e78fc89e76ba11e5694adeb64c0a0b43"

[[projects]]
  name = "github.com/giantswarm/retry-go"
  packages = ["."]
  revision = "867bc2467430df5c49fb33e54d648f5fc0e73bf1"
  version = "0.5.0"

[[projects]]
  branch = "master"
  name = "github.com/golang/protobuf"
  packages = ["jsonpb","proto","protoc-gen-go/descriptor","ptypes","ptypes/any","ptypes/duration","ptypes/struct","ptypes/timestamp"]
  revision = "1e59b77b52bf8e4b449a57e6f79f21226d571845"

[[projects]]
  branch = "master"
  name = "github.com/grandcat/zeroconf"
  packages = ["."]
  revision = "8219919fca892353a082b184bca66db55c55b583"

[[projects]]
  branch = "master"
  name = "github.com/grpc-ecosystem/go-grpc-middleware"
  packages = [".","auth","recovery","util/metautils"]
  revision = "d0c54e68681ec7999ac17864470f3bee6521ba2b"

[[projects]]
  name = "github.com/grpc-ecosystem/grpc-gateway"
  packages = ["runtime","runtime/internal","utilities"]
  revision = "07f5e79768022f9a3265235f0db4ac8c3f675fec"
  version = "v1.3.1"

[[projects]]
  branch = "master"
  name = "github.com/hashicorp/go-immutable-radix"
  packages = ["."]
  revision = "59b67882ec612f43b9d4c4fd97cebd507be4b3ee"

[[projects]]
  branch = "master"
  name = "github.com/hashicorp/go-memdb"
  packages = ["."]
  revision = "75ff99613d288868d8888ec87594525906815dbc"

[[projects]]
  branch = "master"
  name = "github.com/hashicorp/go-version"
  packages = ["."]
  revision = "4fe82ae3040f80a03d04d2cccb5606a626b8e1ee"

[[projects]]
  branch = "master"
  name = "github.com/hashicorp/golang-lru"
  packages = [".","simplelru"]
  revision = "0a025b7e63adc15a622f29b0b2c4c3848243bbf6"

[[projects]]
  branch = "master"
  name = "github.com/hashicorp/hcl"
  packages = [".","hcl/ast","hcl/parser","hcl/scanner","hcl/strconv","hcl/token","json/parser","json/scanner","json/token"]
  revision = "23c074d0eceb2b8a5bfdbb271ab780cde70f05a8"

[[projects]]
  branch = "master"
  name = "github.com/iain17/dht"
  packages = ["."]
  revision = "bfcf39dcae3b9ceb6d041a7b9020f698289f8144"

[[projects]]
  branch = "master"
  name = "github.com/iain17/discovery"
  packages = [".","env","network","pb"]
  revision = "f72b038c6e8819d2ef6ef87a34399d5d61bfc86f"

[[projects]]
  branch = "master"
  name = "github.com/iain17/framed"
  packages = ["."]
  revision = "89d391c9e037b3e26186779264ccc69a1036566e"

[[projects]]
  branch = "master"
  name = "github.com/iain17/ipinfo"
  packages = ["."]
  revision = "d6cf941d85a0898d013abdfde262d5c373a7d4db"

[[projects]]
  branch = "master"
  name = "github.com/iain17/kvcache"
  packages = ["lttlru","ttlru"]
  revision = "3b7a63bd72a172f5ab4b5bc2c9f12b8467c4a677"

[[projects]]
  branch = "master"
  name = "github.com/iain17/logger"
  packages = ["."]
  revision = "bd3892d3cd33b6e02b9329abc0fa0273c3d0ee0b"

[[projects]]
  branch = "master"
  name = "github.com/iain17/timeout"
  packages = ["."]
  revision = "648cd1776b0827c6fe51effa719a67eca6dae3f1"

[[projects]]
  name = "github.com/inconshreveable/mousetrap"
  packages = ["."]
  revision = "76626ae9c91c4f2a10f34cad8ce83ea42c93bb75"
  version = "v1.0"

[[projects]]
  branch = "master"
  name = "github.com/jasonlvhit/gocron"
  packages = ["."]
  revision = "3c914c8681c3998f1dd463d84a4d8c29345e47a4"

[[projects]]
  branch = "master"
  name = "github.com/juju/errgo"
  packages = ["."]
  revision = "08cceb5d0b5331634b9826762a8fd53b29b86ad8"

[[projects]]
  name = "github.com/magiconair/properties"
  packages = ["."]
  revision = "d419a98cdbed11a922bf76f257b7c4be79b50e73"
  version = "v1.7.4"

[[projects]]
  name = "github.com/miekg/dns"
  packages = ["."]
  revision = "5ec25f2a5044291b6c8abf43ed8a201da241e69e"
  version = "v1.0.3"

[[projects]]
  branch = "master"
  name = "github.com/miolini/upnp"
  packages = ["."]
  revision = "5a16783aedfedeb1de52eeee4d015f04190b37d0"

[[projects]]
  branch = "master"
  name = "github.com/mitchellh/go-homedir"
  packages = ["."]
  revision = "b8bc1bf767474819792c23f32d8286a45736f1c6"

[[projects]]
  branch = "master"
  name = "github.com/mitchellh/mapstructure"
  packages = ["."]
  revision = "b4575eea38cca1123ec2dc90c26529b5c5acfcff"

[[projects]]
  name = "github.com/pelletier/go-toml"
  packages = ["."]
  revision = "16398bac157da96aa88f98a2df640c7f32af1da2"
  version = "v1.0.1"

[[projects]]
  name = "github.com/pkg/errors"
  packages = ["."]
  revision = "645ef00459ed84a119197bfb8d8205042c6df63d"
  version = "v0.8.0"

[[projects]]
  name = "github.com/pmezard/go-difflib"
  packages = ["difflib"]
  revision = "792786c7400a136282c1664665ae0a8db921c6c2"
  version = "v1.0.0"

[[projects]]
  name = "github.com/rs/xid"
  packages = ["."]
  revision = "02dd45c33376f85d1064355dc790dcc4850596b1"
  version = "v1.1"

[[projects]]
  branch = "master"
  name = "github.com/shibukawa/configdir"
  packages = ["."]
  revision = "e180dbdc8da04c4fa04272e875ce64949f38bd3e"

[[projects]]
  name = "github.com/spaolacci/murmur3"
  packages = ["."]
  revision = "9f5d223c60793748f04a9d5b4b4eacddfc1f755d"
  version = "v1.1"

[[projects]]
  name = "github.com/spf13/afero"
  packages = [".","mem"]
  revision = "bb8f1927f2a9d3ab41c9340aa034f6b803f4359c"
  version = "v1.0.2"

[[projects]]
  name = "github.com/spf13/cast"
  packages = ["."]
  revision = "acbeb36b902d72a7a4c18e8f3241075e7ab763e4"
  version = "v1.1.0"

[[projects]]
  name = "github.com/spf13/cobra"
  packages = ["."]
  revision = "7b2c5ac9fc04fc5efafb60700713d4fa609b777b"
  version = "v0.0.1"

[[projects]]
  branch = "master"
  name = "github.com/spf13/jwalterweatherman"
  packages = ["."]
  revision = "7c0cea34c8ece3fbeb2b27ab9b59511d360fb394"

[[projects]]
  name = "github.com/spf13/pflag"
  packages = ["."]
  revision = "e57e3eeb33f795204c1ca35f56c44f83227c6e66"
  version = "v1.0.0"

[[projects]]
  name = "github.com/spf13/viper"
  packages = ["."]
  revision = "25b30aa063fc18e48662b86996252eabdcf2f0c7"
  version = "v1.0.0"

[[projects]]
  name = "github.com/stretchr/testify"
  packages = ["assert"]
  revision = "b91bfb9ebec76498946beb6af7c0230c7cc7ba6c"
  version = "v1.2.0"

[[projects]]
  name = "github.com/thoj/go-ircevent"
  packages = ["."]
  revision = "a6b1561a016c2a4aae183c3ef152c25d134c095d"
  version = "0.1"

[[projects]]
  name = "github.com/willf/bitset"
  packages = ["."]
  revision = "d860f346b89450988a379d7d705e83c58d1ea227"
  version = "v1.1.3"

[[projects]]
  name = "github.com/willf/bloom"
  packages = ["."]
  revision = "54e3b963ee1652b06c4562cb9b6020ebc6e36e59"
  version = "v2.0.3"

[[projects]]
  branch = "master"
  name = "golang.org/x/crypto"
  packages = ["ed25519","ed25519/internal/edwards25519"]
  revision = "13931e22f9e72ea58bb73048bc752b48c6d4d4ac"

[[projects]]
  branch = "master"
  name = "golang.org/x/net"
  packages = ["bpf","context","http2","http2/hpack","idna","internal/iana","internal/socket","internal/timeseries","ipv4","ipv6","lex/httplex","trace"]
  revision = "5ccada7d0a7ba9aeb5d3aca8d3501b4c2a509fec"

[[projects]]
  branch = "master"
  name = "golang.org/x/sys"
  packages = ["unix"]
  revision = "fff93fa7cd278d84afc205751523809c464168ab"

[[projects]]
  branch = "master"
  name = "golang.org/x/text"
  packages = ["collate","collate/build","internal/colltab","internal/gen","internal/tag","internal/triegen","internal/ucd","language","secure/bidirule","transform","unicode/bidi","unicode/cldr","unicode/norm","unicode/rangetable"]
  revision = "e19ae1496984b1c655b8044a65c0300a3c878dd3"

[[projects]]
  branch = "master"
  name = "google.golang.org/genproto"
  packages = ["googleapis/api/annotations","googleapis/rpc/status"]
  revision = "a8101f21cf983e773d0c1133ebc5424792003214"

[[projects]]
  name = "google.golang.org/grpc"
  packages = [".","balancer","balancer/base","balancer/roundrobin","codes","connectivity","credentials","encoding","grpclb/grpc_lb_v1/messages","grpclog","internal","keepalive","metadata","naming","peer","reflection","reflection/grpc_reflection_v1alpha","resolver","resolver/dns","resolver/passthrough","stats","status","tap","transport"]
  revision = "7cea4cc846bcf00cbb27595b07da5de875ef7de9"
  version = "v1.9.1"

[[projects]]
  branch = "v2"
  name = "gopkg.in/yaml.v2"
  packages = ["."]
  revision = "d670f9405373e636a5a2765eea47fac0c9bc91a4"

[solve-meta]
  analyzer-name = "dep"
  analyzer-version = 1
  inputs-digest = "a4a984259b436043edb3bed8d02a64ac90eef7417969ea5ccee241a23c41e02b"
  solver-name = "gps-cdcl"
  solver-version = 1
