# This file is autogenerated, do not edit; changes may be undone by the next 'dep ensure'.


[[projects]]
  branch = "master"
  name = "github.com/ChrisLundquist/golang-lru"
  packages = ["."]
  revision = "002c9cfb5d200997ab697c8d6f7c104ef3982fd6"

[[projects]]
  branch = "master"
  name = "github.com/Pallinder/go-randomdata"
  packages = ["."]
  revision = "acaf3d8cb4966dde9acb023a9cfde148993fd392"

[[projects]]
  branch = "master"
  name = "github.com/anacrolix/dht"
  packages = ["krpc"]
  revision = "55080c51975fdff03dc82a2c3a76a0e2995a69d6"

[[projects]]
  branch = "master"
  name = "github.com/anacrolix/missinggo"
  packages = [".","inproc","pproffd","slices"]
  revision = "de18d1b29b769a44a066117bc44afdab328fdc0a"

[[projects]]
  branch = "master"
  name = "github.com/anacrolix/sync"
  packages = ["."]
  revision = "eee974e4f8c1e1f38d16e32713dd408d6b02ca55"

[[projects]]
  branch = "master"
  name = "github.com/anacrolix/torrent"
  packages = ["bencode","iplist","logonce","metainfo","util"]
  revision = "a41adc49b5fb2467f84f27b2395cb2bff052bfd5"

[[projects]]
  branch = "master"
  name = "github.com/anacrolix/utp"
  packages = ["."]
  revision = "87ba7933b8d7520e5e6e27460e25e42c2fccab9f"

[[projects]]
  branch = "master"
  name = "github.com/aybabtme/color"
  packages = [".","brush"]
  revision = "28ad4cc941d69a60df8d0af1233fd5a2793c2801"

[[projects]]
  branch = "master"
  name = "github.com/bradfitz/iter"
  packages = ["."]
  revision = "454541ec3da2a73fc34fd049b19ee5777bf19345"

[[projects]]
  branch = "master"
  name = "github.com/c2h5oh/datasize"
  packages = ["."]
  revision = "54516c931ae99c3c74637b9ea2390cf9a6327f26"

[[projects]]
  name = "github.com/ccding/go-stun"
  packages = ["stun"]
  revision = "04a4eed61c57ecc9903f8983d1d2c17b88d2e9e1"
  version = "0.1.0"

[[projects]]
  name = "github.com/cenkalti/backoff"
  packages = ["."]
  revision = "61153c768f31ee5f130071d08fc82b85208528de"
  version = "v1.1.0"

[[projects]]
  name = "github.com/davecgh/go-spew"
  packages = ["spew"]
  revision = "346938d642f2ec3594ed81d874461961cd0faa76"
  version = "v1.1.0"

[[projects]]
  branch = "master"
  name = "github.com/edsrzf/mmap-go"
  packages = ["."]
  revision = "0bce6a6887123b67a60366d2c9fe2dfb74289d2e"

[[projects]]
  branch = "master"
  name = "github.com/getlantern/framed"
  packages = ["."]
  revision = "9b01d4925ad41a86fab7c13e9434834eb9c1665a"

[[projects]]
  branch = "master"
  name = "github.com/getlantern/testify"
  packages = ["assert"]
  revision = "2eeb3906e78fc89e76ba11e5694adeb64c0a0b43"

[[projects]]
  branch = "master"
  name = "github.com/golang/protobuf"
  packages = ["proto","protoc-gen-go/descriptor","ptypes","ptypes/any","ptypes/duration","ptypes/timestamp"]
  revision = "1e59b77b52bf8e4b449a57e6f79f21226d571845"

[[projects]]
  branch = "master"
  name = "github.com/grandcat/zeroconf"
  packages = ["."]
  revision = "8219919fca892353a082b184bca66db55c55b583"

[[projects]]
  branch = "master"
  name = "github.com/hashicorp/go-immutable-radix"
  packages = ["."]
  revision = "8aac2701530899b64bdea735a1de8da899815220"

[[projects]]
  branch = "master"
  name = "github.com/hashicorp/go-memdb"
  packages = ["."]
  revision = "75ff99613d288868d8888ec87594525906815dbc"

[[projects]]
  branch = "master"
  name = "github.com/hashicorp/golang-lru"
  packages = ["simplelru"]
  revision = "0a025b7e63adc15a622f29b0b2c4c3848243bbf6"

[[projects]]
  branch = "master"
  name = "github.com/iain17/dht"
  packages = ["."]
  revision = "bfcf39dcae3b9ceb6d041a7b9020f698289f8144"

[[projects]]
  branch = "master"
  name = "github.com/iain17/freeport"
  packages = ["."]
  revision = "988875885a2c83b7f6d8b9d317471bd40bb4dd18"

[[projects]]
  branch = "master"
  name = "github.com/iain17/logger"
  packages = ["."]
  revision = "298c53b526494fc0fd875db8db94f83b8ef6325d"

[[projects]]
  branch = "master"
  name = "github.com/iain17/timeout"
  packages = ["."]
  revision = "648cd1776b0827c6fe51effa719a67eca6dae3f1"

[[projects]]
  name = "github.com/miekg/dns"
  packages = ["."]
  revision = "9271f6595be6734763aaf4b7923f8f1b7a6cc559"
  version = "v1.0.0"

[[projects]]
  branch = "master"
  name = "github.com/miolini/upnp"
  packages = ["."]
  revision = "5a16783aedfedeb1de52eeee4d015f04190b37d0"

[[projects]]
  name = "github.com/pmezard/go-difflib"
  packages = ["difflib"]
  revision = "792786c7400a136282c1664665ae0a8db921c6c2"
  version = "v1.0.0"

[[projects]]
  name = "github.com/rs/xid"
  packages = ["."]
  revision = "02dd45c33376f85d1064355dc790dcc4850596b1"
  version = "v1.1"

[[projects]]
  branch = "master"
  name = "github.com/shibukawa/configdir"
  packages = ["."]
  revision = "e180dbdc8da04c4fa04272e875ce64949f38bd3e"

[[projects]]
  name = "github.com/spaolacci/murmur3"
  packages = ["."]
  revision = "9f5d223c60793748f04a9d5b4b4eacddfc1f755d"
  version = "v1.1"

[[projects]]
  name = "github.com/stretchr/testify"
  packages = ["assert"]
  revision = "69483b4bd14f5845b5a1e55bca19e954e827f1d0"
  version = "v1.1.4"

[[projects]]
  name = "github.com/thoj/go-ircevent"
  packages = ["."]
  revision = "a6b1561a016c2a4aae183c3ef152c25d134c095d"
  version = "0.1"

[[projects]]
  name = "github.com/willf/bitset"
  packages = ["."]
  revision = "d860f346b89450988a379d7d705e83c58d1ea227"
  version = "v1.1.3"

[[projects]]
  name = "github.com/willf/bloom"
  packages = ["."]
  revision = "54e3b963ee1652b06c4562cb9b6020ebc6e36e59"
  version = "v2.0.3"

[[projects]]
  branch = "master"
  name = "golang.org/x/crypto"
  packages = ["ed25519","ed25519/internal/edwards25519"]
  revision = "94eea52f7b742c7cbe0b03b22f0c4c8631ece122"

[[projects]]
  branch = "master"
  name = "golang.org/x/net"
  packages = ["bpf","context","http2","http2/hpack","idna","internal/iana","internal/socket","internal/timeseries","ipv4","ipv6","lex/httplex","trace"]
  revision = "d866cfc389cec985d6fda2859936a575a55a3ab6"

[[projects]]
  branch = "master"
  name = "golang.org/x/text"
  packages = ["collate","collate/build","internal/colltab","internal/gen","internal/tag","internal/triegen","internal/ucd","language","secure/bidirule","transform","unicode/bidi","unicode/cldr","unicode/norm","unicode/rangetable"]
  revision = "c4d099d611ac3ded35360abf03581e13d91c828f"

[[projects]]
  branch = "master"
  name = "google.golang.org/genproto"
  packages = ["googleapis/rpc/status"]
  revision = "a8101f21cf983e773d0c1133ebc5424792003214"

[[projects]]
  name = "google.golang.org/grpc"
  packages = [".","balancer","balancer/roundrobin","codes","connectivity","credentials","encoding","grpclb/grpc_lb_v1/messages","grpclog","internal","keepalive","metadata","naming","peer","reflection","reflection/grpc_reflection_v1alpha","resolver","resolver/dns","resolver/passthrough","stats","status","tap","transport"]
  revision = "e687fa4e6424368ece6e4fe727cea2c806a0fcb4"
  version = "v1.8.2"

[solve-meta]
  analyzer-name = "dep"
  analyzer-version = 1
  inputs-digest = "c1185cf25d9188cbe59e2cc150c8727ab5cf29b325069e4a8fa79349feb293b5"
  solver-name = "gps-cdcl"
  solver-version = 1
